PODS:
  - flut_ffi (0.0.1):
    - Flutter
  - Flutter (1.0.0)
  - image_picker_ios (0.0.1):
    - Flutter
  - integration_test (0.0.1):
    - Flutter
  - path_provider_foundation (0.0.1):
    - Flutter
    - FlutterMacOS
  - "permission_handler (5.1.0+2)":
    - Flutter

DEPENDENCIES:
  - flut_ffi (from `.symlinks/plugins/flut_ffi/ios`)
  - Flutter (from `Flutter`)
  - image_picker_ios (from `.symlinks/plugins/image_picker_ios/ios`)
  - integration_test (from `.symlinks/plugins/integration_test/ios`)
  - path_provider_foundation (from `.symlinks/plugins/path_provider_foundation/darwin`)
  - permission_handler (from `.symlinks/plugins/permission_handler/ios`)

EXTERNAL SOURCES:
  flut_ffi:
    :path: ".symlinks/plugins/flut_ffi/ios"
  Flutter:
    :path: Flutter
  image_picker_ios:
    :path: ".symlinks/plugins/image_picker_ios/ios"
  integration_test:
    :path: ".symlinks/plugins/integration_test/ios"
  path_provider_foundation:
    :path: ".symlinks/plugins/path_provider_foundation/darwin"
  permission_handler:
    :path: ".symlinks/plugins/permission_handler/ios"

SPEC CHECKSUMS:
  flut_ffi: bb1603fe7257536c77bb998c91dc01583ef5bb95
  Flutter: f04841e97a9d0b0a8025694d0796dd46242b2854
  image_picker_ios: b786a5dcf033a8336a657191401bfdf12017dabb
  integration_test: a1e7d09bd98eca2fc37aefd79d4f41ad37bdbbe5
  path_provider_foundation: 37748e03f12783f9de2cb2c4eadfaa25fe6d4852
  permission_handler: ccb20a9fad0ee9b1314a52b70b76b473c5f8dab0

PODFILE CHECKSUM: 70d9d25280d0dd177a5f637cdb0f0b0b12c6a189

COCOAPODS: 1.11.3
